
Microsoft Visual Studio Solution File, Format Version 12.00
# Visual Studio Version 16
VisualStudioVersion = 16.0.31205.134
MinimumVisualStudioVersion = 10.0.40219.1
Project("{FAE04EC0-301F-11D3-BF4B-00C04F79EFBC}") = "ProjetoETL", "ProjetoETL\ProjetoETL.csproj", "{F157CC3B-EBD3-4EF2-86D1-0DBAC6C59C82}"
EndProject
Global
	GlobalSection(SolutionConfigurationPlatforms) = preSolution
		Debug|Any CPU = Debug|Any CPU
		Release|Any CPU = Release|Any CPU
	EndGlobalSection
	GlobalSection(ProjectConfigurationPlatforms) = postSolution
		{F157CC3B-EBD3-4EF2-86D1-0DBAC6C59C82}.Debug|Any CPU.ActiveCfg = Debug|Any CPU
		{F157CC3B-EBD3-4EF2-86D1-0DBAC6C59C82}.Debug|Any CPU.Build.0 = Debug|Any CPU
		{F157CC3B-EBD3-4EF2-86D1-0DBAC6C59C82}.Release|Any CPU.ActiveCfg = Release|Any CPU
		{F157CC3B-EBD3-4EF2-86D1-0DBAC6C59C82}.Release|Any CPU.Build.0 = Release|Any CPU
	EndGlobalSection
	GlobalSection(SolutionProperties) = preSolution
		HideSolutionNode = FALSE
	EndGlobalSection
	GlobalSection(ExtensibilityGlobals) = postSolution
		SolutionGuid = {8B81477B-9D1D-40A3-9B81-5496D1AB0C6D}
	EndGlobalSection
EndGlobal
